
Microsoft Visual Studio Solution File, Format Version 12.00
# Visual Studio Version 16
VisualStudioVersion = 16.0.30011.22
MinimumVisualStudioVersion = 10.0.40219.1
Project("{FAE04EC0-301F-11D3-BF4B-00C04F79EFBC}") = "GenericSorts", "GenericSorts\GenericSorts.csproj", "{FCC71B9F-12F8-4E5D-84E1-BC301C06B425}"
EndProject
Global
	GlobalSection(SolutionConfigurationPlatforms) = preSolution
		Debug|Any CPU = Debug|Any CPU
		Release|Any CPU = Release|Any CPU
	EndGlobalSection
	GlobalSection(ProjectConfigurationPlatforms) = postSolution
		{FCC71B9F-12F8-4E5D-84E1-BC301C06B425}.Debug|Any CPU.ActiveCfg = Debug|Any CPU
		{FCC71B9F-12F8-4E5D-84E1-BC301C06B425}.Debug|Any CPU.Build.0 = Debug|Any CPU
		{FCC71B9F-12F8-4E5D-84E1-BC301C06B425}.Release|Any CPU.ActiveCfg = Release|Any CPU
		{FCC71B9F-12F8-4E5D-84E1-BC301C06B425}.Release|Any CPU.Build.0 = Release|Any CPU
	EndGlobalSection
	GlobalSection(SolutionProperties) = preSolution
		HideSolutionNode = FALSE
	EndGlobalSection
	GlobalSection(ExtensibilityGlobals) = postSolution
		SolutionGuid = {D5DE3EEB-8A15-4DC6-A94F-3E838B539BFF}
	EndGlobalSection
EndGlobal
